
Microsoft Visual Studio Solution File, Format Version 12.00
# Visual Studio Version 17
VisualStudioVersion = 17.14.36705.20 d17.14
MinimumVisualStudioVersion = 10.0.40219.1
Project("{FAE04EC0-301F-11D3-BF4B-00C04F79EFBC}") = "Job_Tracker", "Job_Tracker.csproj", "{A919E393-FC12-473C-A8CE-768D409B7504}"
EndProject
Global
	GlobalSection(SolutionConfigurationPlatforms) = preSolution
		Debug|Any CPU = Debug|Any CPU
		Release|Any CPU = Release|Any CPU
	EndGlobalSection
	GlobalSection(ProjectConfigurationPlatforms) = postSolution
		{A919E393-FC12-473C-A8CE-768D409B7504}.Debug|Any CPU.ActiveCfg = Debug|Any CPU
		{A919E393-FC12-473C-A8CE-768D409B7504}.Debug|Any CPU.Build.0 = Debug|Any CPU
		{A919E393-FC12-473C-A8CE-768D409B7504}.Release|Any CPU.ActiveCfg = Release|Any CPU
		{A919E393-FC12-473C-A8CE-768D409B7504}.Release|Any CPU.Build.0 = Release|Any CPU
	EndGlobalSection
	GlobalSection(SolutionProperties) = preSolution
		HideSolutionNode = FALSE
	EndGlobalSection
	GlobalSection(ExtensibilityGlobals) = postSolution
		SolutionGuid = {30C93AB9-5337-47CF-95D8-A12BF130D0D2}
	EndGlobalSection
EndGlobal
